
Microsoft Visual Studio Solution File, Format Version 12.00
# Visual Studio Version 17
VisualStudioVersion = 17.14.36414.22 d17.14
MinimumVisualStudioVersion = 10.0.40219.1
Project("{FAE04EC0-301F-11D3-BF4B-00C04F79EFBC}") = "DoAnQLBanHang_GUI", "DoAnQLBanHang_GUI.csproj", "{2EDBC00B-98A5-4AC9-BA77-956897EFB0F7}"
EndProject
Project("{FAE04EC0-301F-11D3-BF4B-00C04F79EFBC}") = "DoAnQLBanHang_BUS", "..\DoAnQLBanHang_BUS\DoAnQLBanHang_BUS.csproj", "{019971BB-248C-4264-9520-3D06509FA9A0}"
EndProject
Project("{FAE04EC0-301F-11D3-BF4B-00C04F79EFBC}") = "DoAnQLBanHang_DAL", "..\DoAnQLBanHang_DAL\DoAnQLBanHang_DAL.csproj", "{7AD7AA73-0837-4E5E-B7B1-8687A80793F7}"
EndProject
Global
	GlobalSection(SolutionConfigurationPlatforms) = preSolution
		Debug|Any CPU = Debug|Any CPU
		Release|Any CPU = Release|Any CPU
	EndGlobalSection
	GlobalSection(ProjectConfigurationPlatforms) = postSolution
		{2EDBC00B-98A5-4AC9-BA77-956897EFB0F7}.Debug|Any CPU.ActiveCfg = Debug|Any CPU
		{2EDBC00B-98A5-4AC9-BA77-956897EFB0F7}.Debug|Any CPU.Build.0 = Debug|Any CPU
		{2EDBC00B-98A5-4AC9-BA77-956897EFB0F7}.Release|Any CPU.ActiveCfg = Release|Any CPU
		{2EDBC00B-98A5-4AC9-BA77-956897EFB0F7}.Release|Any CPU.Build.0 = Release|Any CPU
		{019971BB-248C-4264-9520-3D06509FA9A0}.Debug|Any CPU.ActiveCfg = Debug|Any CPU
		{019971BB-248C-4264-9520-3D06509FA9A0}.Debug|Any CPU.Build.0 = Debug|Any CPU
		{019971BB-248C-4264-9520-3D06509FA9A0}.Release|Any CPU.ActiveCfg = Release|Any CPU
		{019971BB-248C-4264-9520-3D06509FA9A0}.Release|Any CPU.Build.0 = Release|Any CPU
		{7AD7AA73-0837-4E5E-B7B1-8687A80793F7}.Debug|Any CPU.ActiveCfg = Debug|Any CPU
		{7AD7AA73-0837-4E5E-B7B1-8687A80793F7}.Debug|Any CPU.Build.0 = Debug|Any CPU
		{7AD7AA73-0837-4E5E-B7B1-8687A80793F7}.Release|Any CPU.ActiveCfg = Release|Any CPU
		{7AD7AA73-0837-4E5E-B7B1-8687A80793F7}.Release|Any CPU.Build.0 = Release|Any CPU
	EndGlobalSection
	GlobalSection(SolutionProperties) = preSolution
		HideSolutionNode = FALSE
	EndGlobalSection
	GlobalSection(ExtensibilityGlobals) = postSolution
		SolutionGuid = {382D5EA9-D132-4B0F-B705-6533A548B6B4}
	EndGlobalSection
EndGlobal
